# THIS IS AN AUTOGENERATED FILE. DO NOT EDIT THIS FILE DIRECTLY.
# yarn lockfile v1


"@vant/weapp@^1.2.2":
  version "1.2.2"
  resolved "https://registry.yarnpkg.com/@vant/weapp/-/weapp-1.2.2.tgz#212cf5eeb3812a7486f2ccbb8ee38af3be8c45b9"
  integrity sha512-OehtmKN1PewwZRv0S+e9wFWSotNJRiFegOwRhcQ/y2H85Rqs1BPK2z0U+XZnOeJqGkituaqvRkSCOzmK13uTXw==
